
Microsoft Visual Studio Solution File, Format Version 12.00
# Visual Studio Version 17
VisualStudioVersion = 17.5.33414.496
MinimumVisualStudioVersion = 10.0.40219.1
Project("{FAE04EC0-301F-11D3-BF4B-00C04F79EFBC}") = "SenseSys", "SenseSys.csproj", "{3AABB10A-64BF-455C-BEF8-5AEA92E039F5}"
EndProject
Global
	GlobalSection(SolutionConfigurationPlatforms) = preSolution
		Debug|Any CPU = Debug|Any CPU
		Release|Any CPU = Release|Any CPU
	EndGlobalSection
	GlobalSection(ProjectConfigurationPlatforms) = postSolution
		{3AABB10A-64BF-455C-BEF8-5AEA92E039F5}.Debug|Any CPU.ActiveCfg = Debug|Any CPU
		{3AABB10A-64BF-455C-BEF8-5AEA92E039F5}.Debug|Any CPU.Build.0 = Debug|Any CPU
		{3AABB10A-64BF-455C-BEF8-5AEA92E039F5}.Release|Any CPU.ActiveCfg = Release|Any CPU
		{3AABB10A-64BF-455C-BEF8-5AEA92E039F5}.Release|Any CPU.Build.0 = Release|Any CPU
	EndGlobalSection
	GlobalSection(SolutionProperties) = preSolution
		HideSolutionNode = FALSE
	EndGlobalSection
	GlobalSection(ExtensibilityGlobals) = postSolution
		SolutionGuid = {F49502E5-4E63-40C0-B261-D1902F658025}
	EndGlobalSection
EndGlobal
